
Microsoft Visual Studio Solution File, Format Version 12.00
# Visual Studio Version 16
VisualStudioVersion = 16.0.29215.179
MinimumVisualStudioVersion = 10.0.40219.1
Project("{FAE04EC0-301F-11D3-BF4B-00C04F79EFBC}") = "nyVYapp", "nyVYapp\nyVYapp.csproj", "{44370EC9-E7E5-4B15-BCD4-241FE535D489}"
EndProject
Global
	GlobalSection(SolutionConfigurationPlatforms) = preSolution
		Debug|Any CPU = Debug|Any CPU
		Release|Any CPU = Release|Any CPU
	EndGlobalSection
	GlobalSection(ProjectConfigurationPlatforms) = postSolution
		{44370EC9-E7E5-4B15-BCD4-241FE535D489}.Debug|Any CPU.ActiveCfg = Debug|Any CPU
		{44370EC9-E7E5-4B15-BCD4-241FE535D489}.Debug|Any CPU.Build.0 = Debug|Any CPU
		{44370EC9-E7E5-4B15-BCD4-241FE535D489}.Release|Any CPU.ActiveCfg = Release|Any CPU
		{44370EC9-E7E5-4B15-BCD4-241FE535D489}.Release|Any CPU.Build.0 = Release|Any CPU
	EndGlobalSection
	GlobalSection(SolutionProperties) = preSolution
		HideSolutionNode = FALSE
	EndGlobalSection
	GlobalSection(ExtensibilityGlobals) = postSolution
		SolutionGuid = {EF72F6A1-1120-4F1A-A1F8-48791F45BA5B}
	EndGlobalSection
EndGlobal
